
Microsoft Visual Studio Solution File, Format Version 12.00
# Visual Studio Version 17
VisualStudioVersion = 17.2.32630.192
MinimumVisualStudioVersion = 10.0.40219.1
Project("{9A19103F-16F7-4668-BE54-9A1E7A4F7556}") = "ConsoleUI", "RenatoConsoleUI\ConsoleUI.csproj", "{571D3E18-D5E2-4E12-BAF0-6FD689AC8151}"
EndProject
Project("{FAE04EC0-301F-11D3-BF4B-00C04F79EFBC}") = "Core", "Core\Core.csproj", "{79CDFBDC-89B4-4DE9-918A-311E03CC9D6C}"
EndProject
Global
	GlobalSection(SolutionConfigurationPlatforms) = preSolution
		Debug|Any CPU = Debug|Any CPU
		Release|Any CPU = Release|Any CPU
	EndGlobalSection
	GlobalSection(ProjectConfigurationPlatforms) = postSolution
		{571D3E18-D5E2-4E12-BAF0-6FD689AC8151}.Debug|Any CPU.ActiveCfg = Debug|Any CPU
		{571D3E18-D5E2-4E12-BAF0-6FD689AC8151}.Debug|Any CPU.Build.0 = Debug|Any CPU
		{571D3E18-D5E2-4E12-BAF0-6FD689AC8151}.Release|Any CPU.ActiveCfg = Release|Any CPU
		{571D3E18-D5E2-4E12-BAF0-6FD689AC8151}.Release|Any CPU.Build.0 = Release|Any CPU
		{79CDFBDC-89B4-4DE9-918A-311E03CC9D6C}.Debug|Any CPU.ActiveCfg = Debug|Any CPU
		{79CDFBDC-89B4-4DE9-918A-311E03CC9D6C}.Debug|Any CPU.Build.0 = Debug|Any CPU
		{79CDFBDC-89B4-4DE9-918A-311E03CC9D6C}.Release|Any CPU.ActiveCfg = Release|Any CPU
		{79CDFBDC-89B4-4DE9-918A-311E03CC9D6C}.Release|Any CPU.Build.0 = Release|Any CPU
	EndGlobalSection
	GlobalSection(SolutionProperties) = preSolution
		HideSolutionNode = FALSE
	EndGlobalSection
	GlobalSection(ExtensibilityGlobals) = postSolution
		SolutionGuid = {6D7F5C3D-B117-43F8-86BF-DA1AE6CB75A0}
	EndGlobalSection
EndGlobal
